
Microsoft Visual Studio Solution File, Format Version 12.00
# Visual Studio 2013
VisualStudioVersion = 12.0.30723.0
MinimumVisualStudioVersion = 10.0.40219.1
Project("{FAE04EC0-301F-11D3-BF4B-00C04F79EFBC}") = "IntroToAspNetMvc", "IntroToAspNetMvc\IntroToAspNetMvc.csproj", "{169538F4-0B1F-45C7-8640-19BB1D665374}"
EndProject
Project("{FAE04EC0-301F-11D3-BF4B-00C04F79EFBC}") = "IntroToAspNetMvc.Tests", "IntroToAspNetMvc.Tests\IntroToAspNetMvc.Tests.csproj", "{9C65E46C-FAE0-48CE-8A9D-867D23852276}"
EndProject
Global
	GlobalSection(SolutionConfigurationPlatforms) = preSolution
		Debug|Any CPU = Debug|Any CPU
		Release|Any CPU = Release|Any CPU
	EndGlobalSection
	GlobalSection(ProjectConfigurationPlatforms) = postSolution
		{169538F4-0B1F-45C7-8640-19BB1D665374}.Debug|Any CPU.ActiveCfg = Debug|Any CPU
		{169538F4-0B1F-45C7-8640-19BB1D665374}.Debug|Any CPU.Build.0 = Debug|Any CPU
		{169538F4-0B1F-45C7-8640-19BB1D665374}.Release|Any CPU.ActiveCfg = Release|Any CPU
		{169538F4-0B1F-45C7-8640-19BB1D665374}.Release|Any CPU.Build.0 = Release|Any CPU
		{9C65E46C-FAE0-48CE-8A9D-867D23852276}.Debug|Any CPU.ActiveCfg = Debug|Any CPU
		{9C65E46C-FAE0-48CE-8A9D-867D23852276}.Debug|Any CPU.Build.0 = Debug|Any CPU
		{9C65E46C-FAE0-48CE-8A9D-867D23852276}.Release|Any CPU.ActiveCfg = Release|Any CPU
		{9C65E46C-FAE0-48CE-8A9D-867D23852276}.Release|Any CPU.Build.0 = Release|Any CPU
	EndGlobalSection
	GlobalSection(SolutionProperties) = preSolution
		HideSolutionNode = FALSE
	EndGlobalSection
EndGlobal
